
Microsoft Visual Studio Solution File, Format Version 12.00
# Visual Studio Version 17
VisualStudioVersion = 17.14.36401.2 d17.14
MinimumVisualStudioVersion = 10.0.40219.1
Project("{FAE04EC0-301F-11D3-BF4B-00C04F79EFBC}") = "Lab01Day12", "Lab01Day12.csproj", "{0E570E5E-F06F-4E60-8500-D94DADDBBBDB}"
EndProject
Global
	GlobalSection(SolutionConfigurationPlatforms) = preSolution
		Debug|Any CPU = Debug|Any CPU
		Release|Any CPU = Release|Any CPU
	EndGlobalSection
	GlobalSection(ProjectConfigurationPlatforms) = postSolution
		{0E570E5E-F06F-4E60-8500-D94DADDBBBDB}.Debug|Any CPU.ActiveCfg = Debug|Any CPU
		{0E570E5E-F06F-4E60-8500-D94DADDBBBDB}.Debug|Any CPU.Build.0 = Debug|Any CPU
		{0E570E5E-F06F-4E60-8500-D94DADDBBBDB}.Release|Any CPU.ActiveCfg = Release|Any CPU
		{0E570E5E-F06F-4E60-8500-D94DADDBBBDB}.Release|Any CPU.Build.0 = Release|Any CPU
	EndGlobalSection
	GlobalSection(SolutionProperties) = preSolution
		HideSolutionNode = FALSE
	EndGlobalSection
	GlobalSection(ExtensibilityGlobals) = postSolution
		SolutionGuid = {82112028-317B-4902-B875-B2C00A851D71}
	EndGlobalSection
EndGlobal
