
Microsoft Visual Studio Solution File, Format Version 12.00
# Visual Studio Version 17
VisualStudioVersion = 17.14.36401.2 d17.14
MinimumVisualStudioVersion = 10.0.40219.1
Project("{FAE04EC0-301F-11D3-BF4B-00C04F79EFBC}") = "LTWDay06Lab", "LTWDay06Lab.csproj", "{6591F16F-F582-43A1-A630-1FD4FECD528A}"
EndProject
Global
	GlobalSection(SolutionConfigurationPlatforms) = preSolution
		Debug|Any CPU = Debug|Any CPU
		Release|Any CPU = Release|Any CPU
	EndGlobalSection
	GlobalSection(ProjectConfigurationPlatforms) = postSolution
		{6591F16F-F582-43A1-A630-1FD4FECD528A}.Debug|Any CPU.ActiveCfg = Debug|Any CPU
		{6591F16F-F582-43A1-A630-1FD4FECD528A}.Debug|Any CPU.Build.0 = Debug|Any CPU
		{6591F16F-F582-43A1-A630-1FD4FECD528A}.Release|Any CPU.ActiveCfg = Release|Any CPU
		{6591F16F-F582-43A1-A630-1FD4FECD528A}.Release|Any CPU.Build.0 = Release|Any CPU
	EndGlobalSection
	GlobalSection(SolutionProperties) = preSolution
		HideSolutionNode = FALSE
	EndGlobalSection
	GlobalSection(ExtensibilityGlobals) = postSolution
		SolutionGuid = {A8844AAC-4B3E-4C08-925D-2A5DB90FC095}
	EndGlobalSection
EndGlobal
