
Microsoft Visual Studio Solution File, Format Version 12.00
# Visual Studio Version 17
VisualStudioVersion = 17.14.36401.2
MinimumVisualStudioVersion = 10.0.40219.1
Project("{FAE04EC0-301F-11D3-BF4B-00C04F79EFBC}") = "Day13Lab4", "Day13Lab4.csproj", "{D0DB551A-E911-47DB-9E7A-F4C2FED0A04C}"
EndProject
Project("{FAE04EC0-301F-11D3-BF4B-00C04F79EFBC}") = "DBFirstApp", "..\DBFirstApp\DBFirstApp.csproj", "{E1FB1DFE-5C4E-4321-80E6-3A90ED48F53B}"
EndProject
Global
	GlobalSection(SolutionConfigurationPlatforms) = preSolution
		Debug|Any CPU = Debug|Any CPU
		Release|Any CPU = Release|Any CPU
	EndGlobalSection
	GlobalSection(ProjectConfigurationPlatforms) = postSolution
		{D0DB551A-E911-47DB-9E7A-F4C2FED0A04C}.Debug|Any CPU.ActiveCfg = Debug|Any CPU
		{D0DB551A-E911-47DB-9E7A-F4C2FED0A04C}.Debug|Any CPU.Build.0 = Debug|Any CPU
		{D0DB551A-E911-47DB-9E7A-F4C2FED0A04C}.Release|Any CPU.ActiveCfg = Release|Any CPU
		{D0DB551A-E911-47DB-9E7A-F4C2FED0A04C}.Release|Any CPU.Build.0 = Release|Any CPU
		{E1FB1DFE-5C4E-4321-80E6-3A90ED48F53B}.Debug|Any CPU.ActiveCfg = Debug|Any CPU
		{E1FB1DFE-5C4E-4321-80E6-3A90ED48F53B}.Debug|Any CPU.Build.0 = Debug|Any CPU
		{E1FB1DFE-5C4E-4321-80E6-3A90ED48F53B}.Release|Any CPU.ActiveCfg = Release|Any CPU
		{E1FB1DFE-5C4E-4321-80E6-3A90ED48F53B}.Release|Any CPU.Build.0 = Release|Any CPU
	EndGlobalSection
	GlobalSection(SolutionProperties) = preSolution
		HideSolutionNode = FALSE
	EndGlobalSection
	GlobalSection(ExtensibilityGlobals) = postSolution
		SolutionGuid = {465331F2-3649-4D49-8253-4D765939DB85}
	EndGlobalSection
EndGlobal
